
Microsoft Visual Studio Solution File, Format Version 10.00
# Visual Studio 2008
Project("{FAE04EC0-301F-11D3-BF4B-00C04F79EFBC}") = "UselessUtils", "UselessUtils\UselessUtils.csproj", "{126E4184-CAF6-4951-9177-7851C5140053}"
EndProject
Global
	GlobalSection(SolutionConfigurationPlatforms) = preSolution
		Debug|Any CPU = Debug|Any CPU
		Release|Any CPU = Release|Any CPU
	EndGlobalSection
	GlobalSection(ProjectConfigurationPlatforms) = postSolution
		{126E4184-CAF6-4951-9177-7851C5140053}.Debug|Any CPU.ActiveCfg = Debug|Any CPU
		{126E4184-CAF6-4951-9177-7851C5140053}.Debug|Any CPU.Build.0 = Debug|Any CPU
		{126E4184-CAF6-4951-9177-7851C5140053}.Release|Any CPU.ActiveCfg = Release|Any CPU
		{126E4184-CAF6-4951-9177-7851C5140053}.Release|Any CPU.Build.0 = Release|Any CPU
	EndGlobalSection
	GlobalSection(SolutionProperties) = preSolution
		HideSolutionNode = FALSE
	EndGlobalSection
EndGlobal
